// !$*UTF8*$!
{
	archiveVersion = 1;
	classes = {
	};
	objectVersion = 50;
	objects = {

/* Begin PBXBuildFile section */
		C3A0B8D225A48ED100B5F3D8 /* AppDelegate.swift in Sources */ = {isa = PBXBuildFile; fileRef = C3A0B8D125A48ED100B5F3D8 /* AppDelegate.swift */; };
		C3A0B8D425A48ED100B5F3D8 /* SceneDelegate.swift in Sources */ = {isa = PBXBuildFile; fileRef = C3A0B8D325A48ED100B5F3D8 /* SceneDelegate.swift */; };
		C3A0B8D625A48ED100B5F3D8 /* ViewController.swift in Sources */ = {isa = PBXBuildFile; fileRef = C3A0B8D525A48ED100B5F3D8 /* ViewController.swift */; };
		C3A0B8D925A48ED100B5F3D8 /* Main.storyboard in Resources */ = {isa = PBXBuildFile; fileRef = C3A0B8D725A48ED100B5F3D8 /* Main.storyboard */; };
		C3A0B8DB25A48ED200B5F3D8 /* Assets.xcassets in Resources */ = {isa = PBXBuildFile; fileRef = C3A0B8DA25A48ED200B5F3D8 /* Assets.xcassets */; };
		C3A0B8DE25A48ED200B5F3D8 /* LaunchScreen.storyboard in Resources */ = {isa = PBXBuildFile; fileRef = C3A0B8DC25A48ED200B5F3D8 /* LaunchScreen.storyboard */; };
		C3A0B8E925A48ED200B5F3D8 /* ____Tests.swift in Sources */ = {isa = PBXBuildFile; fileRef = C3A0B8E825A48ED200B5F3D8 /* ____Tests.swift */; };
		C3A0B8F425A48ED200B5F3D8 /* ____UITests.swift in Sources */ = {isa = PBXBuildFile; fileRef = C3A0B8F325A48ED200B5F3D8 /* ____UITests.swift */; };
/* End PBXBuildFile section */

/* Begin PBXContainerItemProxy section */
		C3A0B8E525A48ED200B5F3D8 /* PBXContainerItemProxy */ = {
			isa = PBXContainerItemProxy;
			containerPortal = C3A0B8C625A48ED100B5F3D8 /* Project object */;
			proxyType = 1;
			remoteGlobalIDString = C3A0B8CD25A48ED100B5F3D8;
			remoteInfo = "测试锚点";
		};
		C3A0B8F025A48ED200B5F3D8 /* PBXContainerItemProxy */ = {
			isa = PBXContainerItemProxy;
			containerPortal = C3A0B8C625A48ED100B5F3D8 /* Project object */;
			proxyType = 1;
			remoteGlobalIDString = C3A0B8CD25A48ED100B5F3D8;
			remoteInfo = "测试锚点";
		};
/* End PBXContainerItemProxy section */

/* Begin PBXFileReference section */
		C3A0B8CE25A48ED100B5F3D8 /* 测试锚点.app */ = {isa = PBXFileReference; explicitFileType = wrapper.application; includeInIndex = 0; path = "测试锚点.app"; sourceTree = BUILT_PRODUCTS_DIR; };
		C3A0B8D125A48ED100B5F3D8 /* AppDelegate.swift */ = {isa = PBXFileReference; lastKnownFileType = sourcecode.swift; path = AppDelegate.swift; sourceTree = "<group>"; };
		C3A0B8D325A48ED100B5F3D8 /* SceneDelegate.swift */ = {isa = PBXFileReference; lastKnownFileType = sourcecode.swift; path = SceneDelegate.swift; sourceTree = "<group>"; };
		C3A0B8D525A48ED100B5F3D8 /* ViewController.swift */ = {isa = PBXFileReference; lastKnownFileType = sourcecode.swift; path = ViewController.swift; sourceTree = "<group>"; };
		C3A0B8D825A48ED100B5F3D8 /* Base */ = {isa = PBXFileReference; lastKnownFileType = file.storyboard; name = Base; path = Base.lproj/Main.storyboard; sourceTree = "<group>"; };
		C3A0B8DA25A48ED200B5F3D8 /* Assets.xcassets */ = {isa = PBXFileReference; lastKnownFileType = folder.assetcatalog; path = Assets.xcassets; sourceTree = "<group>"; };
		C3A0B8DD25A48ED200B5F3D8 /* Base */ = {isa = PBXFileReference; lastKnownFileType = file.storyboard; name = Base; path = Base.lproj/LaunchScreen.storyboard; sourceTree = "<group>"; };
		C3A0B8DF25A48ED200B5F3D8 /* Info.plist */ = {isa = PBXFileReference; lastKnownFileType = text.plist.xml; path = Info.plist; sourceTree = "<group>"; };
		C3A0B8E425A48ED200B5F3D8 /* 测试锚点Tests.xctest */ = {isa = PBXFileReference; explicitFileType = wrapper.cfbundle; includeInIndex = 0; path = "测试锚点Tests.xctest"; sourceTree = BUILT_PRODUCTS_DIR; };
		C3A0B8E825A48ED200B5F3D8 /* ____Tests.swift */ = {isa = PBXFileReference; lastKnownFileType = sourcecode.swift; path = "____Tests.swift"; sourceTree = "<group>"; };
		C3A0B8EA25A48ED200B5F3D8 /* Info.plist */ = {isa = PBXFileReference; lastKnownFileType = text.plist.xml; path = Info.plist; sourceTree = "<group>"; };
		C3A0B8EF25A48ED200B5F3D8 /* 测试锚点UITests.xctest */ = {isa = PBXFileReference; explicitFileType = wrapper.cfbundle; includeInIndex = 0; path = "测试锚点UITests.xctest"; sourceTree = BUILT_PRODUCTS_DIR; };
		C3A0B8F325A48ED200B5F3D8 /* ____UITests.swift */ = {isa = PBXFileReference; lastKnownFileType = sourcecode.swift; path = "____UITests.swift"; sourceTree = "<group>"; };
		C3A0B8F525A48ED200B5F3D8 /* Info.plist */ = {isa = PBXFileReference; lastKnownFileType = text.plist.xml; path = Info.plist; sourceTree = "<group>"; };
/* End PBXFileReference section */

/* Begin PBXFrameworksBuildPhase section */
		C3A0B8CB25A48ED100B5F3D8 /* Frameworks */ = {
			isa = PBXFrameworksBuildPhase;
			buildActionMask = 2147483647;
			files = (
			);
			runOnlyForDeploymentPostprocessing = 0;
		};
		C3A0B8E125A48ED200B5F3D8 /* Frameworks */ = {
			isa = PBXFrameworksBuildPhase;
			buildActionMask = 2147483647;
			files = (
			);
			runOnlyForDeploymentPostprocessing = 0;
		};
		C3A0B8EC25A48ED200B5F3D8 /* Frameworks */ = {
			isa = PBXFrameworksBuildPhase;
			buildActionMask = 2147483647;
			files = (
			);
			runOnlyForDeploymentPostprocessing = 0;
		};
/* End PBXFrameworksBuildPhase section */

/* Begin PBXGroup section */
		C3A0B8C525A48ED100B5F3D8 = {
			isa = PBXGroup;
			children = (
				C3A0B8D025A48ED100B5F3D8 /* 测试锚点 */,
				C3A0B8E725A48ED200B5F3D8 /* 测试锚点Tests */,
				C3A0B8F225A48ED200B5F3D8 /* 测试锚点UITests */,
				C3A0B8CF25A48ED100B5F3D8 /* Products */,
			);
			sourceTree = "<group>";
		};
		C3A0B8CF25A48ED100B5F3D8 /* Products */ = {
			isa = PBXGroup;
			children = (
				C3A0B8CE25A48ED100B5F3D8 /* 测试锚点.app */,
				C3A0B8E425A48ED200B5F3D8 /* 测试锚点Tests.xctest */,
				C3A0B8EF25A48ED200B5F3D8 /* 测试锚点UITests.xctest */,
			);
			name = Products;
			sourceTree = "<group>";
		};
		C3A0B8D025A48ED100B5F3D8 /* 测试锚点 */ = {
			isa = PBXGroup;
			children = (
				C3A0B8D125A48ED100B5F3D8 /* AppDelegate.swift */,
				C3A0B8D325A48ED100B5F3D8 /* SceneDelegate.swift */,
				C3A0B8D525A48ED100B5F3D8 /* ViewController.swift */,
				C3A0B8D725A48ED100B5F3D8 /* Main.storyboard */,
				C3A0B8DA25A48ED200B5F3D8 /* Assets.xcassets */,
				C3A0B8DC25A48ED200B5F3D8 /* LaunchScreen.storyboard */,
				C3A0B8DF25A48ED200B5F3D8 /* Info.plist */,
			);
			path = "测试锚点";
			sourceTree = "<group>";
		};
		C3A0B8E725A48ED200B5F3D8 /* 测试锚点Tests */ = {
			isa = PBXGroup;
			children = (
				C3A0B8E825A48ED200B5F3D8 /* ____Tests.swift */,
				C3A0B8EA25A48ED200B5F3D8 /* Info.plist */,
			);
			path = "测试锚点Tests";
			sourceTree = "<group>";
		};
		C3A0B8F225A48ED200B5F3D8 /* 测试锚点UITests */ = {
			isa = PBXGroup;
			children = (
				C3A0B8F325A48ED200B5F3D8 /* ____UITests.swift */,
				C3A0B8F525A48ED200B5F3D8 /* Info.plist */,
			);
			path = "测试锚点UITests";
			sourceTree = "<group>";
		};
/* End PBXGroup section */

/* Begin PBXNativeTarget section */
		C3A0B8CD25A48ED100B5F3D8 /* 测试锚点 */ = {
			isa = PBXNativeTarget;
			buildConfigurationList = C3A0B8F825A48ED200B5F3D8 /* Build configuration list for PBXNativeTarget "测试锚点" */;
			buildPhases = (
				C3A0B8CA25A48ED100B5F3D8 /* Sources */,
				C3A0B8CB25A48ED100B5F3D8 /* Frameworks */,
				C3A0B8CC25A48ED100B5F3D8 /* Resources */,
			);
			buildRules = (
			);
			dependencies = (
			);
			name = "测试锚点";
			productName = "测试锚点";
			productReference = C3A0B8CE25A48ED100B5F3D8 /* 测试锚点.app */;
			productType = "com.apple.product-type.application";
		};
		C3A0B8E325A48ED200B5F3D8 /* 测试锚点Tests */ = {
			isa = PBXNativeTarget;
			buildConfigurationList = C3A0B8FB25A48ED200B5F3D8 /* Build configuration list for PBXNativeTarget "测试锚点Tests" */;
			buildPhases = (
				C3A0B8E025A48ED200B5F3D8 /* Sources */,
				C3A0B8E125A48ED200B5F3D8 /* Frameworks */,
				C3A0B8E225A48ED200B5F3D8 /* Resources */,
			);
			buildRules = (
			);
			dependencies = (
				C3A0B8E625A48ED200B5F3D8 /* PBXTargetDependency */,
			);
			name = "测试锚点Tests";
			productName = "测试锚点Tests";
			productReference = C3A0B8E425A48ED200B5F3D8 /* 测试锚点Tests.xctest */;
			productType = "com.apple.product-type.bundle.unit-test";
		};
		C3A0B8EE25A48ED200B5F3D8 /* 测试锚点UITests */ = {
			isa = PBXNativeTarget;
			buildConfigurationList = C3A0B8FE25A48ED200B5F3D8 /* Build configuration list for PBXNativeTarget "测试锚点UITests" */;
			buildPhases = (
				C3A0B8EB25A48ED200B5F3D8 /* Sources */,
				C3A0B8EC25A48ED200B5F3D8 /* Frameworks */,
				C3A0B8ED25A48ED200B5F3D8 /* Resources */,
			);
			buildRules = (
			);
			dependencies = (
				C3A0B8F125A48ED200B5F3D8 /* PBXTargetDependency */,
			);
			name = "测试锚点UITests";
			productName = "测试锚点UITests";
			productReference = C3A0B8EF25A48ED200B5F3D8 /* 测试锚点UITests.xctest */;
			productType = "com.apple.product-type.bundle.ui-testing";
		};
/* End PBXNativeTarget section */

/* Begin PBXProject section */
		C3A0B8C625A48ED100B5F3D8 /* Project object */ = {
			isa = PBXProject;
			attributes = {
				LastSwiftUpdateCheck = 1230;
				LastUpgradeCheck = 1230;
				TargetAttributes = {
					C3A0B8CD25A48ED100B5F3D8 = {
						CreatedOnToolsVersion = 12.3;
					};
					C3A0B8E325A48ED200B5F3D8 = {
						CreatedOnToolsVersion = 12.3;
						TestTargetID = C3A0B8CD25A48ED100B5F3D8;
					};
					C3A0B8EE25A48ED200B5F3D8 = {
						CreatedOnToolsVersion = 12.3;
						TestTargetID = C3A0B8CD25A48ED100B5F3D8;
					};
				};
			};
			buildConfigurationList = C3A0B8C925A48ED100B5F3D8 /* Build configuration list for PBXProject "测试锚点" */;
			compatibilityVersion = "Xcode 9.3";
			developmentRegion = en;
			hasScannedForEncodings = 0;
			knownRegions = (
				en,
				Base,
			);
			mainGroup = C3A0B8C525A48ED100B5F3D8;
			productRefGroup = C3A0B8CF25A48ED100B5F3D8 /* Products */;
			projectDirPath = "";
			projectRoot = "";
			targets = (
				C3A0B8CD25A48ED100B5F3D8 /* 测试锚点 */,
				C3A0B8E325A48ED200B5F3D8 /* 测试锚点Tests */,
				C3A0B8EE25A48ED200B5F3D8 /* 测试锚点UITests */,
			);
		};
/* End PBXProject section */

/* Begin PBXResourcesBuildPhase section */
		C3A0B8CC25A48ED100B5F3D8 /* Resources */ = {
			isa = PBXResourcesBuildPhase;
			buildActionMask = 2147483647;
			files = (
				C3A0B8DE25A48ED200B5F3D8 /* LaunchScreen.storyboard in Resources */,
				C3A0B8DB25A48ED200B5F3D8 /* Assets.xcassets in Resources */,
				C3A0B8D925A48ED100B5F3D8 /* Main.storyboard in Resources */,
			);
			runOnlyForDeploymentPostprocessing = 0;
		};
		C3A0B8E225A48ED200B5F3D8 /* Resources */ = {
			isa = PBXResourcesBuildPhase;
			buildActionMask = 2147483647;
			files = (
			);
			runOnlyForDeploymentPostprocessing = 0;
		};
		C3A0B8ED25A48ED200B5F3D8 /* Resources */ = {
			isa = PBXResourcesBuildPhase;
			buildActionMask = 2147483647;
			files = (
			);
			runOnlyForDeploymentPostprocessing = 0;
		};
/* End PBXResourcesBuildPhase section */

/* Begin PBXSourcesBuildPhase section */
		C3A0B8CA25A48ED100B5F3D8 /* Sources */ = {
			isa = PBXSourcesBuildPhase;
			buildActionMask = 2147483647;
			files = (
				C3A0B8D625A48ED100B5F3D8 /* ViewController.swift in Sources */,
				C3A0B8D225A48ED100B5F3D8 /* AppDelegate.swift in Sources */,
				C3A0B8D425A48ED100B5F3D8 /* SceneDelegate.swift in Sources */,
			);
			runOnlyForDeploymentPostprocessing = 0;
		};
		C3A0B8E025A48ED200B5F3D8 /* Sources */ = {
			isa = PBXSourcesBuildPhase;
			buildActionMask = 2147483647;
			files = (
				C3A0B8E925A48ED200B5F3D8 /* ____Tests.swift in Sources */,
			);
			runOnlyForDeploymentPostprocessing = 0;
		};
		C3A0B8EB25A48ED200B5F3D8 /* Sources */ = {
			isa = PBXSourcesBuildPhase;
			buildActionMask = 2147483647;
			files = (
				C3A0B8F425A48ED200B5F3D8 /* ____UITests.swift in Sources */,
			);
			runOnlyForDeploymentPostprocessing = 0;
		};
/* End PBXSourcesBuildPhase section */

/* Begin PBXTargetDependency section */
		C3A0B8E625A48ED200B5F3D8 /* PBXTargetDependency */ = {
			isa = PBXTargetDependency;
			target = C3A0B8CD25A48ED100B5F3D8 /* 测试锚点 */;
			targetProxy = C3A0B8E525A48ED200B5F3D8 /* PBXContainerItemProxy */;
		};
		C3A0B8F125A48ED200B5F3D8 /* PBXTargetDependency */ = {
			isa = PBXTargetDependency;
			target = C3A0B8CD25A48ED100B5F3D8 /* 测试锚点 */;
			targetProxy = C3A0B8F025A48ED200B5F3D8 /* PBXContainerItemProxy */;
		};
/* End PBXTargetDependency section */

/* Begin PBXVariantGroup section */
		C3A0B8D725A48ED100B5F3D8 /* Main.storyboard */ = {
			isa = PBXVariantGroup;
			children = (
				C3A0B8D825A48ED100B5F3D8 /* Base */,
			);
			name = Main.storyboard;
			sourceTree = "<group>";
		};
		C3A0B8DC25A48ED200B5F3D8 /* LaunchScreen.storyboard */ = {
			isa = PBXVariantGroup;
			children = (
				C3A0B8DD25A48ED200B5F3D8 /* Base */,
			);
			name = LaunchScreen.storyboard;
			sourceTree = "<group>";
		};
/* End PBXVariantGroup section */

/* Begin XCBuildConfiguration section */
		C3A0B8F625A48ED200B5F3D8 /* Debug */ = {
			isa = XCBuildConfiguration;
			buildSettings = {
				ALWAYS_SEARCH_USER_PATHS = NO;
				CLANG_ANALYZER_NONNULL = YES;
				CLANG_ANALYZER_NUMBER_OBJECT_CONVERSION = YES_AGGRESSIVE;
				CLANG_CXX_LANGUAGE_STANDARD = "gnu++14";
				CLANG_CXX_LIBRARY = "libc++";
				CLANG_ENABLE_MODULES = YES;
				CLANG_ENABLE_OBJC_ARC = YES;
				CLANG_ENABLE_OBJC_WEAK = YES;
				CLANG_WARN_BLOCK_CAPTURE_AUTORELEASING = YES;
				CLANG_WARN_BOOL_CONVERSION = YES;
				CLANG_WARN_COMMA = YES;
				CLANG_WARN_CONSTANT_CONVERSION = YES;
				CLANG_WARN_DEPRECATED_OBJC_IMPLEMENTATIONS = YES;
				CLANG_WARN_DIRECT_OBJC_ISA_USAGE = YES_ERROR;
				CLANG_WARN_DOCUMENTATION_COMMENTS = YES;
				CLANG_WARN_EMPTY_BODY = YES;
				CLANG_WARN_ENUM_CONVERSION = YES;
				CLANG_WARN_INFINITE_RECURSION = YES;
				CLANG_WARN_INT_CONVERSION = YES;
				CLANG_WARN_NON_LITERAL_NULL_CONVERSION = YES;
				CLANG_WARN_OBJC_IMPLICIT_RETAIN_SELF = YES;
				CLANG_WARN_OBJC_LITERAL_CONVERSION = YES;
				CLANG_WARN_OBJC_ROOT_CLASS = YES_ERROR;
				CLANG_WARN_QUOTED_INCLUDE_IN_FRAMEWORK_HEADER = YES;
				CLANG_WARN_RANGE_LOOP_ANALYSIS = YES;
				CLANG_WARN_STRICT_PROTOTYPES = YES;
				CLANG_WARN_SUSPICIOUS_MOVE = YES;
				CLANG_WARN_UNGUARDED_AVAILABILITY = YES_AGGRESSIVE;
				CLANG_WARN_UNREACHABLE_CODE = YES;
				CLANG_WARN__DUPLICATE_METHOD_MATCH = YES;
				COPY_PHASE_STRIP = NO;
				DEBUG_INFORMATION_FORMAT = dwarf;
				ENABLE_STRICT_OBJC_MSGSEND = YES;
				ENABLE_TESTABILITY = YES;
				GCC_C_LANGUAGE_STANDARD = gnu11;
				GCC_DYNAMIC_NO_PIC = NO;
				GCC_NO_COMMON_BLOCKS = YES;
				GCC_OPTIMIZATION_LEVEL = 0;
				GCC_PREPROCESSOR_DEFINITIONS = (
					"DEBUG=1",
					"$(inherited)",
				);
				GCC_WARN_64_TO_32_BIT_CONVERSION = YES;
				GCC_WARN_ABOUT_RETURN_TYPE = YES_ERROR;
				GCC_WARN_UNDECLARED_SELECTOR = YES;
				GCC_WARN_UNINITIALIZED_AUTOS = YES_AGGRESSIVE;
				GCC_WARN_UNUSED_FUNCTION = YES;
				GCC_WARN_UNUSED_VARIABLE = YES;
				IPHONEOS_DEPLOYMENT_TARGET = 14.3;
				MTL_ENABLE_DEBUG_INFO = INCLUDE_SOURCE;
				MTL_FAST_MATH = YES;
				ONLY_ACTIVE_ARCH = YES;
				SDKROOT = iphoneos;
				SWIFT_ACTIVE_COMPILATION_CONDITIONS = DEBUG;
				SWIFT_OPTIMIZATION_LEVEL = "-Onone";
			};
			name = Debug;
		};
		C3A0B8F725A48ED200B5F3D8 /* Release */ = {
			isa = XCBuildConfiguration;
			buildSettings = {
				ALWAYS_SEARCH_USER_PATHS = NO;
				CLANG_ANALYZER_NONNULL = YES;
				CLANG_ANALYZER_NUMBER_OBJECT_CONVERSION = YES_AGGRESSIVE;
				CLANG_CXX_LANGUAGE_STANDARD = "gnu++14";
				CLANG_CXX_LIBRARY = "libc++";
				CLANG_ENABLE_MODULES = YES;
				CLANG_ENABLE_OBJC_ARC = YES;
				CLANG_ENABLE_OBJC_WEAK = YES;
				CLANG_WARN_BLOCK_CAPTURE_AUTORELEASING = YES;
				CLANG_WARN_BOOL_CONVERSION = YES;
				CLANG_WARN_COMMA = YES;
				CLANG_WARN_CONSTANT_CONVERSION = YES;
				CLANG_WARN_DEPRECATED_OBJC_IMPLEMENTATIONS = YES;
				CLANG_WARN_DIRECT_OBJC_ISA_USAGE = YES_ERROR;
				CLANG_WARN_DOCUMENTATION_COMMENTS = YES;
				CLANG_WARN_EMPTY_BODY = YES;
				CLANG_WARN_ENUM_CONVERSION = YES;
				CLANG_WARN_INFINITE_RECURSION = YES;
				CLANG_WARN_INT_CONVERSION = YES;
				CLANG_WARN_NON_LITERAL_NULL_CONVERSION = YES;
				CLANG_WARN_OBJC_IMPLICIT_RETAIN_SELF = YES;
				CLANG_WARN_OBJC_LITERAL_CONVERSION = YES;
				CLANG_WARN_OBJC_ROOT_CLASS = YES_ERROR;
				CLANG_WARN_QUOTED_INCLUDE_IN_FRAMEWORK_HEADER = YES;
				CLANG_WARN_RANGE_LOOP_ANALYSIS = YES;
				CLANG_WARN_STRICT_PROTOTYPES = YES;
				CLANG_WARN_SUSPICIOUS_MOVE = YES;
				CLANG_WARN_UNGUARDED_AVAILABILITY = YES_AGGRESSIVE;
				CLANG_WARN_UNREACHABLE_CODE = YES;
				CLANG_WARN__DUPLICATE_METHOD_MATCH = YES;
				COPY_PHASE_STRIP = NO;
				DEBUG_INFORMATION_FORMAT = "dwarf-with-dsym";
				ENABLE_NS_ASSERTIONS = NO;
				ENABLE_STRICT_OBJC_MSGSEND = YES;
				GCC_C_LANGUAGE_STANDARD = gnu11;
				GCC_NO_COMMON_BLOCKS = YES;
				GCC_WARN_64_TO_32_BIT_CONVERSION = YES;
				GCC_WARN_ABOUT_RETURN_TYPE = YES_ERROR;
				GCC_WARN_UNDECLARED_SELECTOR = YES;
				GCC_WARN_UNINITIALIZED_AUTOS = YES_AGGRESSIVE;
				GCC_WARN_UNUSED_FUNCTION = YES;
				GCC_WARN_UNUSED_VARIABLE = YES;
				IPHONEOS_DEPLOYMENT_TARGET = 14.3;
				MTL_ENABLE_DEBUG_INFO = NO;
				MTL_FAST_MATH = YES;
				SDKROOT = iphoneos;
				SWIFT_COMPILATION_MODE = wholemodule;
				SWIFT_OPTIMIZATION_LEVEL = "-O";
				VALIDATE_PRODUCT = YES;
			};
			name = Release;
		};
		C3A0B8F925A48ED200B5F3D8 /* Debug */ = {
			isa = XCBuildConfiguration;
			buildSettings = {
				ASSETCATALOG_COMPILER_APPICON_NAME = AppIcon;
				ASSETCATALOG_COMPILER_GLOBAL_ACCENT_COLOR_NAME = AccentColor;
				CODE_SIGN_STYLE = Automatic;
				DEVELOPMENT_TEAM = H84TMMB74J;
				INFOPLIST_FILE = "测试锚点/Info.plist";
				LD_RUNPATH_SEARCH_PATHS = (
					"$(inherited)",
					"@executable_path/Frameworks",
				);
				PRODUCT_BUNDLE_IDENTIFIER = "com.zz.good.----";
				PRODUCT_NAME = "$(TARGET_NAME)";
				SWIFT_VERSION = 5.0;
				TARGETED_DEVICE_FAMILY = "1,2";
			};
			name = Debug;
		};
		C3A0B8FA25A48ED200B5F3D8 /* Release */ = {
			isa = XCBuildConfiguration;
			buildSettings = {
				ASSETCATALOG_COMPILER_APPICON_NAME = AppIcon;
				ASSETCATALOG_COMPILER_GLOBAL_ACCENT_COLOR_NAME = AccentColor;
				CODE_SIGN_STYLE = Automatic;
				DEVELOPMENT_TEAM = H84TMMB74J;
				INFOPLIST_FILE = "测试锚点/Info.plist";
				LD_RUNPATH_SEARCH_PATHS = (
					"$(inherited)",
					"@executable_path/Frameworks",
				);
				PRODUCT_BUNDLE_IDENTIFIER = "com.zz.good.----";
				PRODUCT_NAME = "$(TARGET_NAME)";
				SWIFT_VERSION = 5.0;
				TARGETED_DEVICE_FAMILY = "1,2";
			};
			name = Release;
		};
		C3A0B8FC25A48ED200B5F3D8 /* Debug */ = {
			isa = XCBuildConfiguration;
			buildSettings = {
				ALWAYS_EMBED_SWIFT_STANDARD_LIBRARIES = YES;
				BUNDLE_LOADER = "$(TEST_HOST)";
				CODE_SIGN_STYLE = Automatic;
				DEVELOPMENT_TEAM = H84TMMB74J;
				INFOPLIST_FILE = "测试锚点Tests/Info.plist";
				IPHONEOS_DEPLOYMENT_TARGET = 14.3;
				LD_RUNPATH_SEARCH_PATHS = (
					"$(inherited)",
					"@executable_path/Frameworks",
					"@loader_path/Frameworks",
				);
				PRODUCT_BUNDLE_IDENTIFIER = "com.zz.good.----Tests";
				PRODUCT_NAME = "$(TARGET_NAME)";
				SWIFT_VERSION = 5.0;
				TARGETED_DEVICE_FAMILY = "1,2";
				TEST_HOST = "$(BUILT_PRODUCTS_DIR)/测试锚点.app/测试锚点";
			};
			name = Debug;
		};
		C3A0B8FD25A48ED200B5F3D8 /* Release */ = {
			isa = XCBuildConfiguration;
			buildSettings = {
				ALWAYS_EMBED_SWIFT_STANDARD_LIBRARIES = YES;
				BUNDLE_LOADER = "$(TEST_HOST)";
				CODE_SIGN_STYLE = Automatic;
				DEVELOPMENT_TEAM = H84TMMB74J;
				INFOPLIST_FILE = "测试锚点Tests/Info.plist";
				IPHONEOS_DEPLOYMENT_TARGET = 14.3;
				LD_RUNPATH_SEARCH_PATHS = (
					"$(inherited)",
					"@executable_path/Frameworks",
					"@loader_path/Frameworks",
				);
				PRODUCT_BUNDLE_IDENTIFIER = "com.zz.good.----Tests";
				PRODUCT_NAME = "$(TARGET_NAME)";
				SWIFT_VERSION = 5.0;
				TARGETED_DEVICE_FAMILY = "1,2";
				TEST_HOST = "$(BUILT_PRODUCTS_DIR)/测试锚点.app/测试锚点";
			};
			name = Release;
		};
		C3A0B8FF25A48ED200B5F3D8 /* Debug */ = {
			isa = XCBuildConfiguration;
			buildSettings = {
				ALWAYS_EMBED_SWIFT_STANDARD_LIBRARIES = YES;
				CODE_SIGN_STYLE = Automatic;
				DEVELOPMENT_TEAM = H84TMMB74J;
				INFOPLIST_FILE = "测试锚点UITests/Info.plist";
				LD_RUNPATH_SEARCH_PATHS = (
					"$(inherited)",
					"@executable_path/Frameworks",
					"@loader_path/Frameworks",
				);
				PRODUCT_BUNDLE_IDENTIFIER = "com.zz.good.----UITests";
				PRODUCT_NAME = "$(TARGET_NAME)";
				SWIFT_VERSION = 5.0;
				TARGETED_DEVICE_FAMILY = "1,2";
				TEST_TARGET_NAME = "测试锚点";
			};
			name = Debug;
		};
		C3A0B90025A48ED200B5F3D8 /* Release */ = {
			isa = XCBuildConfiguration;
			buildSettings = {
				ALWAYS_EMBED_SWIFT_STANDARD_LIBRARIES = YES;
				CODE_SIGN_STYLE = Automatic;
				DEVELOPMENT_TEAM = H84TMMB74J;
				INFOPLIST_FILE = "测试锚点UITests/Info.plist";
				LD_RUNPATH_SEARCH_PATHS = (
					"$(inherited)",
					"@executable_path/Frameworks",
					"@loader_path/Frameworks",
				);
				PRODUCT_BUNDLE_IDENTIFIER = "com.zz.good.----UITests";
				PRODUCT_NAME = "$(TARGET_NAME)";
				SWIFT_VERSION = 5.0;
				TARGETED_DEVICE_FAMILY = "1,2";
				TEST_TARGET_NAME = "测试锚点";
			};
			name = Release;
		};
/* End XCBuildConfiguration section */

/* Begin XCConfigurationList section */
		C3A0B8C925A48ED100B5F3D8 /* Build configuration list for PBXProject "测试锚点" */ = {
			isa = XCConfigurationList;
			buildConfigurations = (
				C3A0B8F625A48ED200B5F3D8 /* Debug */,
				C3A0B8F725A48ED200B5F3D8 /* Release */,
			);
			defaultConfigurationIsVisible = 0;
			defaultConfigurationName = Release;
		};
		C3A0B8F825A48ED200B5F3D8 /* Build configuration list for PBXNativeTarget "测试锚点" */ = {
			isa = XCConfigurationList;
			buildConfigurations = (
				C3A0B8F925A48ED200B5F3D8 /* Debug */,
				C3A0B8FA25A48ED200B5F3D8 /* Release */,
			);
			defaultConfigurationIsVisible = 0;
			defaultConfigurationName = Release;
		};
		C3A0B8FB25A48ED200B5F3D8 /* Build configuration list for PBXNativeTarget "测试锚点Tests" */ = {
			isa = XCConfigurationList;
			buildConfigurations = (
				C3A0B8FC25A48ED200B5F3D8 /* Debug */,
				C3A0B8FD25A48ED200B5F3D8 /* Release */,
			);
			defaultConfigurationIsVisible = 0;
			defaultConfigurationName = Release;
		};
		C3A0B8FE25A48ED200B5F3D8 /* Build configuration list for PBXNativeTarget "测试锚点UITests" */ = {
			isa = XCConfigurationList;
			buildConfigurations = (
				C3A0B8FF25A48ED200B5F3D8 /* Debug */,
				C3A0B90025A48ED200B5F3D8 /* Release */,
			);
			defaultConfigurationIsVisible = 0;
			defaultConfigurationName = Release;
		};
/* End XCConfigurationList section */
	};
	rootObject = C3A0B8C625A48ED100B5F3D8 /* Project object */;
}
