// !$*UTF8*$!
{
	archiveVersion = 1;
	classes = {
	};
	objectVersion = 50;
	objects = {

/* Begin PBXBuildFile section */
		C35DE42B255484E700C05443 /* AppDelegate.swift in Sources */ = {isa = PBXBuildFile; fileRef = C35DE42A255484E700C05443 /* AppDelegate.swift */; };
		C35DE42D255484E700C05443 /* SceneDelegate.swift in Sources */ = {isa = PBXBuildFile; fileRef = C35DE42C255484E700C05443 /* SceneDelegate.swift */; };
		C35DE42F255484E700C05443 /* ViewController.swift in Sources */ = {isa = PBXBuildFile; fileRef = C35DE42E255484E700C05443 /* ViewController.swift */; };
		C35DE432255484E700C05443 /* Main.storyboard in Resources */ = {isa = PBXBuildFile; fileRef = C35DE430255484E700C05443 /* Main.storyboard */; };
		C35DE434255484EA00C05443 /* Assets.xcassets in Resources */ = {isa = PBXBuildFile; fileRef = C35DE433255484EA00C05443 /* Assets.xcassets */; };
		C35DE437255484EA00C05443 /* LaunchScreen.storyboard in Resources */ = {isa = PBXBuildFile; fileRef = C35DE435255484EA00C05443 /* LaunchScreen.storyboard */; };
		C35DE442255484EA00C05443 /* RaybreakTests.swift in Sources */ = {isa = PBXBuildFile; fileRef = C35DE441255484EA00C05443 /* RaybreakTests.swift */; };
		C35DE44D255484EA00C05443 /* RaybreakUITests.swift in Sources */ = {isa = PBXBuildFile; fileRef = C35DE44C255484EA00C05443 /* RaybreakUITests.swift */; };
		C35DE45E2554895400C05443 /* Renderer.swift in Sources */ = {isa = PBXBuildFile; fileRef = C35DE45D2554895400C05443 /* Renderer.swift */; };
/* End PBXBuildFile section */

/* Begin PBXContainerItemProxy section */
		C35DE43E255484EA00C05443 /* PBXContainerItemProxy */ = {
			isa = PBXContainerItemProxy;
			containerPortal = C35DE41F255484E700C05443 /* Project object */;
			proxyType = 1;
			remoteGlobalIDString = C35DE426255484E700C05443;
			remoteInfo = Raybreak;
		};
		C35DE449255484EA00C05443 /* PBXContainerItemProxy */ = {
			isa = PBXContainerItemProxy;
			containerPortal = C35DE41F255484E700C05443 /* Project object */;
			proxyType = 1;
			remoteGlobalIDString = C35DE426255484E700C05443;
			remoteInfo = Raybreak;
		};
/* End PBXContainerItemProxy section */

/* Begin PBXFileReference section */
		C35DE427255484E700C05443 /* Raybreak.app */ = {isa = PBXFileReference; explicitFileType = wrapper.application; includeInIndex = 0; path = Raybreak.app; sourceTree = BUILT_PRODUCTS_DIR; };
		C35DE42A255484E700C05443 /* AppDelegate.swift */ = {isa = PBXFileReference; lastKnownFileType = sourcecode.swift; path = AppDelegate.swift; sourceTree = "<group>"; };
		C35DE42C255484E700C05443 /* SceneDelegate.swift */ = {isa = PBXFileReference; lastKnownFileType = sourcecode.swift; path = SceneDelegate.swift; sourceTree = "<group>"; };
		C35DE42E255484E700C05443 /* ViewController.swift */ = {isa = PBXFileReference; lastKnownFileType = sourcecode.swift; path = ViewController.swift; sourceTree = "<group>"; };
		C35DE431255484E700C05443 /* Base */ = {isa = PBXFileReference; lastKnownFileType = file.storyboard; name = Base; path = Base.lproj/Main.storyboard; sourceTree = "<group>"; };
		C35DE433255484EA00C05443 /* Assets.xcassets */ = {isa = PBXFileReference; lastKnownFileType = folder.assetcatalog; path = Assets.xcassets; sourceTree = "<group>"; };
		C35DE436255484EA00C05443 /* Base */ = {isa = PBXFileReference; lastKnownFileType = file.storyboard; name = Base; path = Base.lproj/LaunchScreen.storyboard; sourceTree = "<group>"; };
		C35DE438255484EA00C05443 /* Info.plist */ = {isa = PBXFileReference; lastKnownFileType = text.plist.xml; path = Info.plist; sourceTree = "<group>"; };
		C35DE43D255484EA00C05443 /* RaybreakTests.xctest */ = {isa = PBXFileReference; explicitFileType = wrapper.cfbundle; includeInIndex = 0; path = RaybreakTests.xctest; sourceTree = BUILT_PRODUCTS_DIR; };
		C35DE441255484EA00C05443 /* RaybreakTests.swift */ = {isa = PBXFileReference; lastKnownFileType = sourcecode.swift; path = RaybreakTests.swift; sourceTree = "<group>"; };
		C35DE443255484EA00C05443 /* Info.plist */ = {isa = PBXFileReference; lastKnownFileType = text.plist.xml; path = Info.plist; sourceTree = "<group>"; };
		C35DE448255484EA00C05443 /* RaybreakUITests.xctest */ = {isa = PBXFileReference; explicitFileType = wrapper.cfbundle; includeInIndex = 0; path = RaybreakUITests.xctest; sourceTree = BUILT_PRODUCTS_DIR; };
		C35DE44C255484EA00C05443 /* RaybreakUITests.swift */ = {isa = PBXFileReference; lastKnownFileType = sourcecode.swift; path = RaybreakUITests.swift; sourceTree = "<group>"; };
		C35DE44E255484EA00C05443 /* Info.plist */ = {isa = PBXFileReference; lastKnownFileType = text.plist.xml; path = Info.plist; sourceTree = "<group>"; };
		C35DE45D2554895400C05443 /* Renderer.swift */ = {isa = PBXFileReference; lastKnownFileType = sourcecode.swift; path = Renderer.swift; sourceTree = "<group>"; };
/* End PBXFileReference section */

/* Begin PBXFrameworksBuildPhase section */
		C35DE424255484E700C05443 /* Frameworks */ = {
			isa = PBXFrameworksBuildPhase;
			buildActionMask = 2147483647;
			files = (
			);
			runOnlyForDeploymentPostprocessing = 0;
		};
		C35DE43A255484EA00C05443 /* Frameworks */ = {
			isa = PBXFrameworksBuildPhase;
			buildActionMask = 2147483647;
			files = (
			);
			runOnlyForDeploymentPostprocessing = 0;
		};
		C35DE445255484EA00C05443 /* Frameworks */ = {
			isa = PBXFrameworksBuildPhase;
			buildActionMask = 2147483647;
			files = (
			);
			runOnlyForDeploymentPostprocessing = 0;
		};
/* End PBXFrameworksBuildPhase section */

/* Begin PBXGroup section */
		C35DE41E255484E700C05443 = {
			isa = PBXGroup;
			children = (
				C35DE429255484E700C05443 /* Raybreak */,
				C35DE440255484EA00C05443 /* RaybreakTests */,
				C35DE44B255484EA00C05443 /* RaybreakUITests */,
				C35DE428255484E700C05443 /* Products */,
			);
			sourceTree = "<group>";
		};
		C35DE428255484E700C05443 /* Products */ = {
			isa = PBXGroup;
			children = (
				C35DE427255484E700C05443 /* Raybreak.app */,
				C35DE43D255484EA00C05443 /* RaybreakTests.xctest */,
				C35DE448255484EA00C05443 /* RaybreakUITests.xctest */,
			);
			name = Products;
			sourceTree = "<group>";
		};
		C35DE429255484E700C05443 /* Raybreak */ = {
			isa = PBXGroup;
			children = (
				C35DE42A255484E700C05443 /* AppDelegate.swift */,
				C35DE42C255484E700C05443 /* SceneDelegate.swift */,
				C35DE42E255484E700C05443 /* ViewController.swift */,
				C35DE45D2554895400C05443 /* Renderer.swift */,
				C35DE430255484E700C05443 /* Main.storyboard */,
				C35DE433255484EA00C05443 /* Assets.xcassets */,
				C35DE435255484EA00C05443 /* LaunchScreen.storyboard */,
				C35DE438255484EA00C05443 /* Info.plist */,
			);
			path = Raybreak;
			sourceTree = "<group>";
		};
		C35DE440255484EA00C05443 /* RaybreakTests */ = {
			isa = PBXGroup;
			children = (
				C35DE441255484EA00C05443 /* RaybreakTests.swift */,
				C35DE443255484EA00C05443 /* Info.plist */,
			);
			path = RaybreakTests;
			sourceTree = "<group>";
		};
		C35DE44B255484EA00C05443 /* RaybreakUITests */ = {
			isa = PBXGroup;
			children = (
				C35DE44C255484EA00C05443 /* RaybreakUITests.swift */,
				C35DE44E255484EA00C05443 /* Info.plist */,
			);
			path = RaybreakUITests;
			sourceTree = "<group>";
		};
/* End PBXGroup section */

/* Begin PBXNativeTarget section */
		C35DE426255484E700C05443 /* Raybreak */ = {
			isa = PBXNativeTarget;
			buildConfigurationList = C35DE451255484EA00C05443 /* Build configuration list for PBXNativeTarget "Raybreak" */;
			buildPhases = (
				C35DE423255484E700C05443 /* Sources */,
				C35DE424255484E700C05443 /* Frameworks */,
				C35DE425255484E700C05443 /* Resources */,
			);
			buildRules = (
			);
			dependencies = (
			);
			name = Raybreak;
			productName = Raybreak;
			productReference = C35DE427255484E700C05443 /* Raybreak.app */;
			productType = "com.apple.product-type.application";
		};
		C35DE43C255484EA00C05443 /* RaybreakTests */ = {
			isa = PBXNativeTarget;
			buildConfigurationList = C35DE454255484EA00C05443 /* Build configuration list for PBXNativeTarget "RaybreakTests" */;
			buildPhases = (
				C35DE439255484EA00C05443 /* Sources */,
				C35DE43A255484EA00C05443 /* Frameworks */,
				C35DE43B255484EA00C05443 /* Resources */,
			);
			buildRules = (
			);
			dependencies = (
				C35DE43F255484EA00C05443 /* PBXTargetDependency */,
			);
			name = RaybreakTests;
			productName = RaybreakTests;
			productReference = C35DE43D255484EA00C05443 /* RaybreakTests.xctest */;
			productType = "com.apple.product-type.bundle.unit-test";
		};
		C35DE447255484EA00C05443 /* RaybreakUITests */ = {
			isa = PBXNativeTarget;
			buildConfigurationList = C35DE457255484EA00C05443 /* Build configuration list for PBXNativeTarget "RaybreakUITests" */;
			buildPhases = (
				C35DE444255484EA00C05443 /* Sources */,
				C35DE445255484EA00C05443 /* Frameworks */,
				C35DE446255484EA00C05443 /* Resources */,
			);
			buildRules = (
			);
			dependencies = (
				C35DE44A255484EA00C05443 /* PBXTargetDependency */,
			);
			name = RaybreakUITests;
			productName = RaybreakUITests;
			productReference = C35DE448255484EA00C05443 /* RaybreakUITests.xctest */;
			productType = "com.apple.product-type.bundle.ui-testing";
		};
/* End PBXNativeTarget section */

/* Begin PBXProject section */
		C35DE41F255484E700C05443 /* Project object */ = {
			isa = PBXProject;
			attributes = {
				LastSwiftUpdateCheck = 1210;
				LastUpgradeCheck = 1210;
				TargetAttributes = {
					C35DE426255484E700C05443 = {
						CreatedOnToolsVersion = 12.1;
					};
					C35DE43C255484EA00C05443 = {
						CreatedOnToolsVersion = 12.1;
						TestTargetID = C35DE426255484E700C05443;
					};
					C35DE447255484EA00C05443 = {
						CreatedOnToolsVersion = 12.1;
						TestTargetID = C35DE426255484E700C05443;
					};
				};
			};
			buildConfigurationList = C35DE422255484E700C05443 /* Build configuration list for PBXProject "Raybreak" */;
			compatibilityVersion = "Xcode 9.3";
			developmentRegion = en;
			hasScannedForEncodings = 0;
			knownRegions = (
				en,
				Base,
			);
			mainGroup = C35DE41E255484E700C05443;
			productRefGroup = C35DE428255484E700C05443 /* Products */;
			projectDirPath = "";
			projectRoot = "";
			targets = (
				C35DE426255484E700C05443 /* Raybreak */,
				C35DE43C255484EA00C05443 /* RaybreakTests */,
				C35DE447255484EA00C05443 /* RaybreakUITests */,
			);
		};
/* End PBXProject section */

/* Begin PBXResourcesBuildPhase section */
		C35DE425255484E700C05443 /* Resources */ = {
			isa = PBXResourcesBuildPhase;
			buildActionMask = 2147483647;
			files = (
				C35DE437255484EA00C05443 /* LaunchScreen.storyboard in Resources */,
				C35DE434255484EA00C05443 /* Assets.xcassets in Resources */,
				C35DE432255484E700C05443 /* Main.storyboard in Resources */,
			);
			runOnlyForDeploymentPostprocessing = 0;
		};
		C35DE43B255484EA00C05443 /* Resources */ = {
			isa = PBXResourcesBuildPhase;
			buildActionMask = 2147483647;
			files = (
			);
			runOnlyForDeploymentPostprocessing = 0;
		};
		C35DE446255484EA00C05443 /* Resources */ = {
			isa = PBXResourcesBuildPhase;
			buildActionMask = 2147483647;
			files = (
			);
			runOnlyForDeploymentPostprocessing = 0;
		};
/* End PBXResourcesBuildPhase section */

/* Begin PBXSourcesBuildPhase section */
		C35DE423255484E700C05443 /* Sources */ = {
			isa = PBXSourcesBuildPhase;
			buildActionMask = 2147483647;
			files = (
				C35DE45E2554895400C05443 /* Renderer.swift in Sources */,
				C35DE42F255484E700C05443 /* ViewController.swift in Sources */,
				C35DE42B255484E700C05443 /* AppDelegate.swift in Sources */,
				C35DE42D255484E700C05443 /* SceneDelegate.swift in Sources */,
			);
			runOnlyForDeploymentPostprocessing = 0;
		};
		C35DE439255484EA00C05443 /* Sources */ = {
			isa = PBXSourcesBuildPhase;
			buildActionMask = 2147483647;
			files = (
				C35DE442255484EA00C05443 /* RaybreakTests.swift in Sources */,
			);
			runOnlyForDeploymentPostprocessing = 0;
		};
		C35DE444255484EA00C05443 /* Sources */ = {
			isa = PBXSourcesBuildPhase;
			buildActionMask = 2147483647;
			files = (
				C35DE44D255484EA00C05443 /* RaybreakUITests.swift in Sources */,
			);
			runOnlyForDeploymentPostprocessing = 0;
		};
/* End PBXSourcesBuildPhase section */

/* Begin PBXTargetDependency section */
		C35DE43F255484EA00C05443 /* PBXTargetDependency */ = {
			isa = PBXTargetDependency;
			target = C35DE426255484E700C05443 /* Raybreak */;
			targetProxy = C35DE43E255484EA00C05443 /* PBXContainerItemProxy */;
		};
		C35DE44A255484EA00C05443 /* PBXTargetDependency */ = {
			isa = PBXTargetDependency;
			target = C35DE426255484E700C05443 /* Raybreak */;
			targetProxy = C35DE449255484EA00C05443 /* PBXContainerItemProxy */;
		};
/* End PBXTargetDependency section */

/* Begin PBXVariantGroup section */
		C35DE430255484E700C05443 /* Main.storyboard */ = {
			isa = PBXVariantGroup;
			children = (
				C35DE431255484E700C05443 /* Base */,
			);
			name = Main.storyboard;
			sourceTree = "<group>";
		};
		C35DE435255484EA00C05443 /* LaunchScreen.storyboard */ = {
			isa = PBXVariantGroup;
			children = (
				C35DE436255484EA00C05443 /* Base */,
			);
			name = LaunchScreen.storyboard;
			sourceTree = "<group>";
		};
/* End PBXVariantGroup section */

/* Begin XCBuildConfiguration section */
		C35DE44F255484EA00C05443 /* Debug */ = {
			isa = XCBuildConfiguration;
			buildSettings = {
				ALWAYS_SEARCH_USER_PATHS = NO;
				CLANG_ANALYZER_NONNULL = YES;
				CLANG_ANALYZER_NUMBER_OBJECT_CONVERSION = YES_AGGRESSIVE;
				CLANG_CXX_LANGUAGE_STANDARD = "gnu++14";
				CLANG_CXX_LIBRARY = "libc++";
				CLANG_ENABLE_MODULES = YES;
				CLANG_ENABLE_OBJC_ARC = YES;
				CLANG_ENABLE_OBJC_WEAK = YES;
				CLANG_WARN_BLOCK_CAPTURE_AUTORELEASING = YES;
				CLANG_WARN_BOOL_CONVERSION = YES;
				CLANG_WARN_COMMA = YES;
				CLANG_WARN_CONSTANT_CONVERSION = YES;
				CLANG_WARN_DEPRECATED_OBJC_IMPLEMENTATIONS = YES;
				CLANG_WARN_DIRECT_OBJC_ISA_USAGE = YES_ERROR;
				CLANG_WARN_DOCUMENTATION_COMMENTS = YES;
				CLANG_WARN_EMPTY_BODY = YES;
				CLANG_WARN_ENUM_CONVERSION = YES;
				CLANG_WARN_INFINITE_RECURSION = YES;
				CLANG_WARN_INT_CONVERSION = YES;
				CLANG_WARN_NON_LITERAL_NULL_CONVERSION = YES;
				CLANG_WARN_OBJC_IMPLICIT_RETAIN_SELF = YES;
				CLANG_WARN_OBJC_LITERAL_CONVERSION = YES;
				CLANG_WARN_OBJC_ROOT_CLASS = YES_ERROR;
				CLANG_WARN_QUOTED_INCLUDE_IN_FRAMEWORK_HEADER = YES;
				CLANG_WARN_RANGE_LOOP_ANALYSIS = YES;
				CLANG_WARN_STRICT_PROTOTYPES = YES;
				CLANG_WARN_SUSPICIOUS_MOVE = YES;
				CLANG_WARN_UNGUARDED_AVAILABILITY = YES_AGGRESSIVE;
				CLANG_WARN_UNREACHABLE_CODE = YES;
				CLANG_WARN__DUPLICATE_METHOD_MATCH = YES;
				COPY_PHASE_STRIP = NO;
				DEBUG_INFORMATION_FORMAT = dwarf;
				ENABLE_STRICT_OBJC_MSGSEND = YES;
				ENABLE_TESTABILITY = YES;
				GCC_C_LANGUAGE_STANDARD = gnu11;
				GCC_DYNAMIC_NO_PIC = NO;
				GCC_NO_COMMON_BLOCKS = YES;
				GCC_OPTIMIZATION_LEVEL = 0;
				GCC_PREPROCESSOR_DEFINITIONS = (
					"DEBUG=1",
					"$(inherited)",
				);
				GCC_WARN_64_TO_32_BIT_CONVERSION = YES;
				GCC_WARN_ABOUT_RETURN_TYPE = YES_ERROR;
				GCC_WARN_UNDECLARED_SELECTOR = YES;
				GCC_WARN_UNINITIALIZED_AUTOS = YES_AGGRESSIVE;
				GCC_WARN_UNUSED_FUNCTION = YES;
				GCC_WARN_UNUSED_VARIABLE = YES;
				IPHONEOS_DEPLOYMENT_TARGET = 14.1;
				MTL_ENABLE_DEBUG_INFO = INCLUDE_SOURCE;
				MTL_FAST_MATH = YES;
				ONLY_ACTIVE_ARCH = YES;
				SDKROOT = iphoneos;
				SWIFT_ACTIVE_COMPILATION_CONDITIONS = DEBUG;
				SWIFT_OPTIMIZATION_LEVEL = "-Onone";
			};
			name = Debug;
		};
		C35DE450255484EA00C05443 /* Release */ = {
			isa = XCBuildConfiguration;
			buildSettings = {
				ALWAYS_SEARCH_USER_PATHS = NO;
				CLANG_ANALYZER_NONNULL = YES;
				CLANG_ANALYZER_NUMBER_OBJECT_CONVERSION = YES_AGGRESSIVE;
				CLANG_CXX_LANGUAGE_STANDARD = "gnu++14";
				CLANG_CXX_LIBRARY = "libc++";
				CLANG_ENABLE_MODULES = YES;
				CLANG_ENABLE_OBJC_ARC = YES;
				CLANG_ENABLE_OBJC_WEAK = YES;
				CLANG_WARN_BLOCK_CAPTURE_AUTORELEASING = YES;
				CLANG_WARN_BOOL_CONVERSION = YES;
				CLANG_WARN_COMMA = YES;
				CLANG_WARN_CONSTANT_CONVERSION = YES;
				CLANG_WARN_DEPRECATED_OBJC_IMPLEMENTATIONS = YES;
				CLANG_WARN_DIRECT_OBJC_ISA_USAGE = YES_ERROR;
				CLANG_WARN_DOCUMENTATION_COMMENTS = YES;
				CLANG_WARN_EMPTY_BODY = YES;
				CLANG_WARN_ENUM_CONVERSION = YES;
				CLANG_WARN_INFINITE_RECURSION = YES;
				CLANG_WARN_INT_CONVERSION = YES;
				CLANG_WARN_NON_LITERAL_NULL_CONVERSION = YES;
				CLANG_WARN_OBJC_IMPLICIT_RETAIN_SELF = YES;
				CLANG_WARN_OBJC_LITERAL_CONVERSION = YES;
				CLANG_WARN_OBJC_ROOT_CLASS = YES_ERROR;
				CLANG_WARN_QUOTED_INCLUDE_IN_FRAMEWORK_HEADER = YES;
				CLANG_WARN_RANGE_LOOP_ANALYSIS = YES;
				CLANG_WARN_STRICT_PROTOTYPES = YES;
				CLANG_WARN_SUSPICIOUS_MOVE = YES;
				CLANG_WARN_UNGUARDED_AVAILABILITY = YES_AGGRESSIVE;
				CLANG_WARN_UNREACHABLE_CODE = YES;
				CLANG_WARN__DUPLICATE_METHOD_MATCH = YES;
				COPY_PHASE_STRIP = NO;
				DEBUG_INFORMATION_FORMAT = "dwarf-with-dsym";
				ENABLE_NS_ASSERTIONS = NO;
				ENABLE_STRICT_OBJC_MSGSEND = YES;
				GCC_C_LANGUAGE_STANDARD = gnu11;
				GCC_NO_COMMON_BLOCKS = YES;
				GCC_WARN_64_TO_32_BIT_CONVERSION = YES;
				GCC_WARN_ABOUT_RETURN_TYPE = YES_ERROR;
				GCC_WARN_UNDECLARED_SELECTOR = YES;
				GCC_WARN_UNINITIALIZED_AUTOS = YES_AGGRESSIVE;
				GCC_WARN_UNUSED_FUNCTION = YES;
				GCC_WARN_UNUSED_VARIABLE = YES;
				IPHONEOS_DEPLOYMENT_TARGET = 14.1;
				MTL_ENABLE_DEBUG_INFO = NO;
				MTL_FAST_MATH = YES;
				SDKROOT = iphoneos;
				SWIFT_COMPILATION_MODE = wholemodule;
				SWIFT_OPTIMIZATION_LEVEL = "-O";
				VALIDATE_PRODUCT = YES;
			};
			name = Release;
		};
		C35DE452255484EA00C05443 /* Debug */ = {
			isa = XCBuildConfiguration;
			buildSettings = {
				ASSETCATALOG_COMPILER_APPICON_NAME = AppIcon;
				ASSETCATALOG_COMPILER_GLOBAL_ACCENT_COLOR_NAME = AccentColor;
				CODE_SIGN_STYLE = Automatic;
				DEVELOPMENT_TEAM = H84TMMB74J;
				INFOPLIST_FILE = Raybreak/Info.plist;
				LD_RUNPATH_SEARCH_PATHS = (
					"$(inherited)",
					"@executable_path/Frameworks",
				);
				PRODUCT_BUNDLE_IDENTIFIER = com.carlzeng.Raybreak;
				PRODUCT_NAME = "$(TARGET_NAME)";
				SWIFT_VERSION = 5.0;
				TARGETED_DEVICE_FAMILY = "1,2";
			};
			name = Debug;
		};
		C35DE453255484EA00C05443 /* Release */ = {
			isa = XCBuildConfiguration;
			buildSettings = {
				ASSETCATALOG_COMPILER_APPICON_NAME = AppIcon;
				ASSETCATALOG_COMPILER_GLOBAL_ACCENT_COLOR_NAME = AccentColor;
				CODE_SIGN_STYLE = Automatic;
				DEVELOPMENT_TEAM = H84TMMB74J;
				INFOPLIST_FILE = Raybreak/Info.plist;
				LD_RUNPATH_SEARCH_PATHS = (
					"$(inherited)",
					"@executable_path/Frameworks",
				);
				PRODUCT_BUNDLE_IDENTIFIER = com.carlzeng.Raybreak;
				PRODUCT_NAME = "$(TARGET_NAME)";
				SWIFT_VERSION = 5.0;
				TARGETED_DEVICE_FAMILY = "1,2";
			};
			name = Release;
		};
		C35DE455255484EA00C05443 /* Debug */ = {
			isa = XCBuildConfiguration;
			buildSettings = {
				ALWAYS_EMBED_SWIFT_STANDARD_LIBRARIES = YES;
				BUNDLE_LOADER = "$(TEST_HOST)";
				CODE_SIGN_STYLE = Automatic;
				DEVELOPMENT_TEAM = H84TMMB74J;
				INFOPLIST_FILE = RaybreakTests/Info.plist;
				IPHONEOS_DEPLOYMENT_TARGET = 14.1;
				LD_RUNPATH_SEARCH_PATHS = (
					"$(inherited)",
					"@executable_path/Frameworks",
					"@loader_path/Frameworks",
				);
				PRODUCT_BUNDLE_IDENTIFIER = com.carlzeng.RaybreakTests;
				PRODUCT_NAME = "$(TARGET_NAME)";
				SWIFT_VERSION = 5.0;
				TARGETED_DEVICE_FAMILY = "1,2";
				TEST_HOST = "$(BUILT_PRODUCTS_DIR)/Raybreak.app/Raybreak";
			};
			name = Debug;
		};
		C35DE456255484EA00C05443 /* Release */ = {
			isa = XCBuildConfiguration;
			buildSettings = {
				ALWAYS_EMBED_SWIFT_STANDARD_LIBRARIES = YES;
				BUNDLE_LOADER = "$(TEST_HOST)";
				CODE_SIGN_STYLE = Automatic;
				DEVELOPMENT_TEAM = H84TMMB74J;
				INFOPLIST_FILE = RaybreakTests/Info.plist;
				IPHONEOS_DEPLOYMENT_TARGET = 14.1;
				LD_RUNPATH_SEARCH_PATHS = (
					"$(inherited)",
					"@executable_path/Frameworks",
					"@loader_path/Frameworks",
				);
				PRODUCT_BUNDLE_IDENTIFIER = com.carlzeng.RaybreakTests;
				PRODUCT_NAME = "$(TARGET_NAME)";
				SWIFT_VERSION = 5.0;
				TARGETED_DEVICE_FAMILY = "1,2";
				TEST_HOST = "$(BUILT_PRODUCTS_DIR)/Raybreak.app/Raybreak";
			};
			name = Release;
		};
		C35DE458255484EA00C05443 /* Debug */ = {
			isa = XCBuildConfiguration;
			buildSettings = {
				ALWAYS_EMBED_SWIFT_STANDARD_LIBRARIES = YES;
				CODE_SIGN_STYLE = Automatic;
				DEVELOPMENT_TEAM = H84TMMB74J;
				INFOPLIST_FILE = RaybreakUITests/Info.plist;
				LD_RUNPATH_SEARCH_PATHS = (
					"$(inherited)",
					"@executable_path/Frameworks",
					"@loader_path/Frameworks",
				);
				PRODUCT_BUNDLE_IDENTIFIER = com.carlzeng.RaybreakUITests;
				PRODUCT_NAME = "$(TARGET_NAME)";
				SWIFT_VERSION = 5.0;
				TARGETED_DEVICE_FAMILY = "1,2";
				TEST_TARGET_NAME = Raybreak;
			};
			name = Debug;
		};
		C35DE459255484EA00C05443 /* Release */ = {
			isa = XCBuildConfiguration;
			buildSettings = {
				ALWAYS_EMBED_SWIFT_STANDARD_LIBRARIES = YES;
				CODE_SIGN_STYLE = Automatic;
				DEVELOPMENT_TEAM = H84TMMB74J;
				INFOPLIST_FILE = RaybreakUITests/Info.plist;
				LD_RUNPATH_SEARCH_PATHS = (
					"$(inherited)",
					"@executable_path/Frameworks",
					"@loader_path/Frameworks",
				);
				PRODUCT_BUNDLE_IDENTIFIER = com.carlzeng.RaybreakUITests;
				PRODUCT_NAME = "$(TARGET_NAME)";
				SWIFT_VERSION = 5.0;
				TARGETED_DEVICE_FAMILY = "1,2";
				TEST_TARGET_NAME = Raybreak;
			};
			name = Release;
		};
/* End XCBuildConfiguration section */

/* Begin XCConfigurationList section */
		C35DE422255484E700C05443 /* Build configuration list for PBXProject "Raybreak" */ = {
			isa = XCConfigurationList;
			buildConfigurations = (
				C35DE44F255484EA00C05443 /* Debug */,
				C35DE450255484EA00C05443 /* Release */,
			);
			defaultConfigurationIsVisible = 0;
			defaultConfigurationName = Release;
		};
		C35DE451255484EA00C05443 /* Build configuration list for PBXNativeTarget "Raybreak" */ = {
			isa = XCConfigurationList;
			buildConfigurations = (
				C35DE452255484EA00C05443 /* Debug */,
				C35DE453255484EA00C05443 /* Release */,
			);
			defaultConfigurationIsVisible = 0;
			defaultConfigurationName = Release;
		};
		C35DE454255484EA00C05443 /* Build configuration list for PBXNativeTarget "RaybreakTests" */ = {
			isa = XCConfigurationList;
			buildConfigurations = (
				C35DE455255484EA00C05443 /* Debug */,
				C35DE456255484EA00C05443 /* Release */,
			);
			defaultConfigurationIsVisible = 0;
			defaultConfigurationName = Release;
		};
		C35DE457255484EA00C05443 /* Build configuration list for PBXNativeTarget "RaybreakUITests" */ = {
			isa = XCConfigurationList;
			buildConfigurations = (
				C35DE458255484EA00C05443 /* Debug */,
				C35DE459255484EA00C05443 /* Release */,
			);
			defaultConfigurationIsVisible = 0;
			defaultConfigurationName = Release;
		};
/* End XCConfigurationList section */
	};
	rootObject = C35DE41F255484E700C05443 /* Project object */;
}
